
Microsoft Visual Studio Solution File, Format Version 12.00
# Visual Studio Version 16
VisualStudioVersion = 16.0.30128.36
MinimumVisualStudioVersion = 10.0.40219.1
Project("{888888A0-9F3D-457C-B088-3A5042F75D52}") = "meraki_scripts", "meraki_scripts.pyproj", "{B2BE8C7D-18C1-4A2E-BAA0-B2B5C7E1B0D4}"
EndProject
Global
	GlobalSection(SolutionConfigurationPlatforms) = preSolution
		Debug|Any CPU = Debug|Any CPU
		Release|Any CPU = Release|Any CPU
	EndGlobalSection
	GlobalSection(ProjectConfigurationPlatforms) = postSolution
		{B2BE8C7D-18C1-4A2E-BAA0-B2B5C7E1B0D4}.Debug|Any CPU.ActiveCfg = Debug|Any CPU
		{B2BE8C7D-18C1-4A2E-BAA0-B2B5C7E1B0D4}.Release|Any CPU.ActiveCfg = Release|Any CPU
	EndGlobalSection
	GlobalSection(SolutionProperties) = preSolution
		HideSolutionNode = FALSE
	EndGlobalSection
	GlobalSection(ExtensibilityGlobals) = postSolution
		SolutionGuid = {05956BBF-4FD9-43B8-9F71-29D71358D29B}
	EndGlobalSection
EndGlobal
